
Microsoft Visual Studio Solution File, Format Version 12.00
# Visual Studio Version 17
VisualStudioVersion = 17.4.33205.214
MinimumVisualStudioVersion = 10.0.40219.1
Project("{9A19103F-16F7-4668-BE54-9A1E7A4F7556}") = "Iris.UserInterface", "Iris.UserInterface\Iris.UserInterface.csproj", "{5944569D-5CC4-4D74-8969-D880DFF366B4}"
	ProjectSection(ProjectDependencies) = postProject
		{01285C3A-5E79-46AA-8C43-A1B638ED9ACC} = {01285C3A-5E79-46AA-8C43-A1B638ED9ACC}
		{61CC9F1A-CFA9-489E-865C-3FB36C045640} = {61CC9F1A-CFA9-489E-865C-3FB36C045640}
		{62E14ABE-5473-4081-869F-F88A34FFA00F} = {62E14ABE-5473-4081-869F-F88A34FFA00F}
	EndProjectSection
EndProject
Project("{9A19103F-16F7-4668-BE54-9A1E7A4F7556}") = "Iris.Common", "Iris.Common\Iris.Common.csproj", "{01285C3A-5E79-46AA-8C43-A1B638ED9ACC}"
EndProject
Project("{9A19103F-16F7-4668-BE54-9A1E7A4F7556}") = "Iris.CPU", "Iris.CPU\Iris.CPU.csproj", "{59ADE4BA-036C-47C5-9DEE-C3AB846C2BB4}"
EndProject
Project("{9A19103F-16F7-4668-BE54-9A1E7A4F7556}") = "Iris.NDS", "Iris.NDS\Iris.NDS.csproj", "{61CC9F1A-CFA9-489E-865C-3FB36C045640}"
	ProjectSection(ProjectDependencies) = postProject
		{01285C3A-5E79-46AA-8C43-A1B638ED9ACC} = {01285C3A-5E79-46AA-8C43-A1B638ED9ACC}
		{59ADE4BA-036C-47C5-9DEE-C3AB846C2BB4} = {59ADE4BA-036C-47C5-9DEE-C3AB846C2BB4}
	EndProjectSection
EndProject
Project("{9A19103F-16F7-4668-BE54-9A1E7A4F7556}") = "Iris.GBA", "Iris.GBA\Iris.GBA.csproj", "{62E14ABE-5473-4081-869F-F88A34FFA00F}"
	ProjectSection(ProjectDependencies) = postProject
		{01285C3A-5E79-46AA-8C43-A1B638ED9ACC} = {01285C3A-5E79-46AA-8C43-A1B638ED9ACC}
		{59ADE4BA-036C-47C5-9DEE-C3AB846C2BB4} = {59ADE4BA-036C-47C5-9DEE-C3AB846C2BB4}
	EndProjectSection
EndProject
Global
	GlobalSection(SolutionConfigurationPlatforms) = preSolution
		Debug|Any CPU = Debug|Any CPU
		Release_NoDisplay|Any CPU = Release_NoDisplay|Any CPU
		Release_NoPPU|Any CPU = Release_NoPPU|Any CPU
		Release|Any CPU = Release|Any CPU
	EndGlobalSection
	GlobalSection(ProjectConfigurationPlatforms) = postSolution
		{5944569D-5CC4-4D74-8969-D880DFF366B4}.Debug|Any CPU.ActiveCfg = Debug|Any CPU
		{5944569D-5CC4-4D74-8969-D880DFF366B4}.Debug|Any CPU.Build.0 = Debug|Any CPU
		{5944569D-5CC4-4D74-8969-D880DFF366B4}.Release_NoDisplay|Any CPU.ActiveCfg = Release_NoDisplay|Any CPU
		{5944569D-5CC4-4D74-8969-D880DFF366B4}.Release_NoDisplay|Any CPU.Build.0 = Release_NoDisplay|Any CPU
		{5944569D-5CC4-4D74-8969-D880DFF366B4}.Release_NoPPU|Any CPU.ActiveCfg = Release|Any CPU
		{5944569D-5CC4-4D74-8969-D880DFF366B4}.Release_NoPPU|Any CPU.Build.0 = Release|Any CPU
		{5944569D-5CC4-4D74-8969-D880DFF366B4}.Release|Any CPU.ActiveCfg = Release|Any CPU
		{5944569D-5CC4-4D74-8969-D880DFF366B4}.Release|Any CPU.Build.0 = Release|Any CPU
		{01285C3A-5E79-46AA-8C43-A1B638ED9ACC}.Debug|Any CPU.ActiveCfg = Debug|Any CPU
		{01285C3A-5E79-46AA-8C43-A1B638ED9ACC}.Debug|Any CPU.Build.0 = Debug|Any CPU
		{01285C3A-5E79-46AA-8C43-A1B638ED9ACC}.Release_NoDisplay|Any CPU.ActiveCfg = Release|Any CPU
		{01285C3A-5E79-46AA-8C43-A1B638ED9ACC}.Release_NoDisplay|Any CPU.Build.0 = Release|Any CPU
		{01285C3A-5E79-46AA-8C43-A1B638ED9ACC}.Release_NoPPU|Any CPU.ActiveCfg = Release|Any CPU
		{01285C3A-5E79-46AA-8C43-A1B638ED9ACC}.Release_NoPPU|Any CPU.Build.0 = Release|Any CPU
		{01285C3A-5E79-46AA-8C43-A1B638ED9ACC}.Release|Any CPU.ActiveCfg = Release|Any CPU
		{01285C3A-5E79-46AA-8C43-A1B638ED9ACC}.Release|Any CPU.Build.0 = Release|Any CPU
		{59ADE4BA-036C-47C5-9DEE-C3AB846C2BB4}.Debug|Any CPU.ActiveCfg = Debug|Any CPU
		{59ADE4BA-036C-47C5-9DEE-C3AB846C2BB4}.Debug|Any CPU.Build.0 = Debug|Any CPU
		{59ADE4BA-036C-47C5-9DEE-C3AB846C2BB4}.Release_NoDisplay|Any CPU.ActiveCfg = Release|Any CPU
		{59ADE4BA-036C-47C5-9DEE-C3AB846C2BB4}.Release_NoDisplay|Any CPU.Build.0 = Release|Any CPU
		{59ADE4BA-036C-47C5-9DEE-C3AB846C2BB4}.Release_NoPPU|Any CPU.ActiveCfg = Release|Any CPU
		{59ADE4BA-036C-47C5-9DEE-C3AB846C2BB4}.Release_NoPPU|Any CPU.Build.0 = Release|Any CPU
		{59ADE4BA-036C-47C5-9DEE-C3AB846C2BB4}.Release|Any CPU.ActiveCfg = Release|Any CPU
		{59ADE4BA-036C-47C5-9DEE-C3AB846C2BB4}.Release|Any CPU.Build.0 = Release|Any CPU
		{61CC9F1A-CFA9-489E-865C-3FB36C045640}.Debug|Any CPU.ActiveCfg = Debug|Any CPU
		{61CC9F1A-CFA9-489E-865C-3FB36C045640}.Debug|Any CPU.Build.0 = Debug|Any CPU
		{61CC9F1A-CFA9-489E-865C-3FB36C045640}.Release_NoDisplay|Any CPU.ActiveCfg = Release|Any CPU
		{61CC9F1A-CFA9-489E-865C-3FB36C045640}.Release_NoDisplay|Any CPU.Build.0 = Release|Any CPU
		{61CC9F1A-CFA9-489E-865C-3FB36C045640}.Release_NoPPU|Any CPU.ActiveCfg = Release_NoPPU|Any CPU
		{61CC9F1A-CFA9-489E-865C-3FB36C045640}.Release_NoPPU|Any CPU.Build.0 = Release_NoPPU|Any CPU
		{61CC9F1A-CFA9-489E-865C-3FB36C045640}.Release|Any CPU.ActiveCfg = Release|Any CPU
		{61CC9F1A-CFA9-489E-865C-3FB36C045640}.Release|Any CPU.Build.0 = Release|Any CPU
		{62E14ABE-5473-4081-869F-F88A34FFA00F}.Debug|Any CPU.ActiveCfg = Debug|Any CPU
		{62E14ABE-5473-4081-869F-F88A34FFA00F}.Debug|Any CPU.Build.0 = Debug|Any CPU
		{62E14ABE-5473-4081-869F-F88A34FFA00F}.Release_NoDisplay|Any CPU.ActiveCfg = Release|Any CPU
		{62E14ABE-5473-4081-869F-F88A34FFA00F}.Release_NoDisplay|Any CPU.Build.0 = Release|Any CPU
		{62E14ABE-5473-4081-869F-F88A34FFA00F}.Release_NoPPU|Any CPU.ActiveCfg = Release_NoPPU|Any CPU
		{62E14ABE-5473-4081-869F-F88A34FFA00F}.Release_NoPPU|Any CPU.Build.0 = Release_NoPPU|Any CPU
		{62E14ABE-5473-4081-869F-F88A34FFA00F}.Release|Any CPU.ActiveCfg = Release|Any CPU
		{62E14ABE-5473-4081-869F-F88A34FFA00F}.Release|Any CPU.Build.0 = Release|Any CPU
	EndGlobalSection
	GlobalSection(SolutionProperties) = preSolution
		HideSolutionNode = FALSE
	EndGlobalSection
	GlobalSection(ExtensibilityGlobals) = postSolution
		SolutionGuid = {C374B864-1680-4260-9162-7BC3E45D6537}
	EndGlobalSection
EndGlobal
